
Microsoft Visual Studio Solution File, Format Version 12.00
# Visual Studio 2013
VisualStudioVersion = 12.0.30723.0
MinimumVisualStudioVersion = 10.0.40219.1
Project("{FAE04EC0-301F-11D3-BF4B-00C04F79EFBC}") = "CallOfBeer.App", "CallOfBeer.App\CallOfBeer.App.csproj", "{E8375298-B3BD-42DD-8179-0661BEA08434}"
EndProject
Project("{FAE04EC0-301F-11D3-BF4B-00C04F79EFBC}") = "CallOfBeer.API", "CallOfBeer.API\CallOfBeer.API.csproj", "{C7CE746B-D793-41E8-8C65-BE5C4BD6F260}"
EndProject
Global
	GlobalSection(SolutionConfigurationPlatforms) = preSolution
		Debug|Any CPU = Debug|Any CPU
		Debug|ARM = Debug|ARM
		Debug|x86 = Debug|x86
		Release|Any CPU = Release|Any CPU
		Release|ARM = Release|ARM
		Release|x86 = Release|x86
	EndGlobalSection
	GlobalSection(ProjectConfigurationPlatforms) = postSolution
		{E8375298-B3BD-42DD-8179-0661BEA08434}.Debug|Any CPU.ActiveCfg = Debug|Any CPU
		{E8375298-B3BD-42DD-8179-0661BEA08434}.Debug|Any CPU.Build.0 = Debug|Any CPU
		{E8375298-B3BD-42DD-8179-0661BEA08434}.Debug|Any CPU.Deploy.0 = Debug|Any CPU
		{E8375298-B3BD-42DD-8179-0661BEA08434}.Debug|ARM.ActiveCfg = Debug|ARM
		{E8375298-B3BD-42DD-8179-0661BEA08434}.Debug|ARM.Build.0 = Debug|ARM
		{E8375298-B3BD-42DD-8179-0661BEA08434}.Debug|ARM.Deploy.0 = Debug|ARM
		{E8375298-B3BD-42DD-8179-0661BEA08434}.Debug|x86.ActiveCfg = Debug|x86
		{E8375298-B3BD-42DD-8179-0661BEA08434}.Debug|x86.Build.0 = Debug|x86
		{E8375298-B3BD-42DD-8179-0661BEA08434}.Debug|x86.Deploy.0 = Debug|x86
		{E8375298-B3BD-42DD-8179-0661BEA08434}.Release|Any CPU.ActiveCfg = Release|Any CPU
		{E8375298-B3BD-42DD-8179-0661BEA08434}.Release|Any CPU.Build.0 = Release|Any CPU
		{E8375298-B3BD-42DD-8179-0661BEA08434}.Release|Any CPU.Deploy.0 = Release|Any CPU
		{E8375298-B3BD-42DD-8179-0661BEA08434}.Release|ARM.ActiveCfg = Release|ARM
		{E8375298-B3BD-42DD-8179-0661BEA08434}.Release|ARM.Build.0 = Release|ARM
		{E8375298-B3BD-42DD-8179-0661BEA08434}.Release|ARM.Deploy.0 = Release|ARM
		{E8375298-B3BD-42DD-8179-0661BEA08434}.Release|x86.ActiveCfg = Release|x86
		{E8375298-B3BD-42DD-8179-0661BEA08434}.Release|x86.Build.0 = Release|x86
		{E8375298-B3BD-42DD-8179-0661BEA08434}.Release|x86.Deploy.0 = Release|x86
		{C7CE746B-D793-41E8-8C65-BE5C4BD6F260}.Debug|Any CPU.ActiveCfg = Debug|Any CPU
		{C7CE746B-D793-41E8-8C65-BE5C4BD6F260}.Debug|Any CPU.Build.0 = Debug|Any CPU
		{C7CE746B-D793-41E8-8C65-BE5C4BD6F260}.Debug|ARM.ActiveCfg = Debug|Any CPU
		{C7CE746B-D793-41E8-8C65-BE5C4BD6F260}.Debug|x86.ActiveCfg = Debug|Any CPU
		{C7CE746B-D793-41E8-8C65-BE5C4BD6F260}.Release|Any CPU.ActiveCfg = Release|Any CPU
		{C7CE746B-D793-41E8-8C65-BE5C4BD6F260}.Release|Any CPU.Build.0 = Release|Any CPU
		{C7CE746B-D793-41E8-8C65-BE5C4BD6F260}.Release|ARM.ActiveCfg = Release|Any CPU
		{C7CE746B-D793-41E8-8C65-BE5C4BD6F260}.Release|x86.ActiveCfg = Release|Any CPU
	EndGlobalSection
	GlobalSection(SolutionProperties) = preSolution
		HideSolutionNode = FALSE
	EndGlobalSection
EndGlobal
